
Microsoft Visual Studio Solution File, Format Version 12.00
# Visual Studio Version 16
VisualStudioVersion = 16.0.33423.256
MinimumVisualStudioVersion = 10.0.40219.1
Project("{FAE04EC0-301F-11D3-BF4B-00C04F79EFBC}") = "TVapimvcuygulama", "TVapimvcuygulama\TVapimvcuygulama.csproj", "{33EAA737-B793-45A4-B561-118212A549F4}"
EndProject
Project("{FAE04EC0-301F-11D3-BF4B-00C04F79EFBC}") = "mvckatmani", "mvckatmani\mvckatmani.csproj", "{8DDAB5EB-E163-4778-B65D-87CF38D235BB}"
EndProject
Global
	GlobalSection(SolutionConfigurationPlatforms) = preSolution
		Debug|Any CPU = Debug|Any CPU
		Release|Any CPU = Release|Any CPU
	EndGlobalSection
	GlobalSection(ProjectConfigurationPlatforms) = postSolution
		{33EAA737-B793-45A4-B561-118212A549F4}.Debug|Any CPU.ActiveCfg = Debug|Any CPU
		{33EAA737-B793-45A4-B561-118212A549F4}.Debug|Any CPU.Build.0 = Debug|Any CPU
		{33EAA737-B793-45A4-B561-118212A549F4}.Release|Any CPU.ActiveCfg = Release|Any CPU
		{33EAA737-B793-45A4-B561-118212A549F4}.Release|Any CPU.Build.0 = Release|Any CPU
		{8DDAB5EB-E163-4778-B65D-87CF38D235BB}.Debug|Any CPU.ActiveCfg = Debug|Any CPU
		{8DDAB5EB-E163-4778-B65D-87CF38D235BB}.Debug|Any CPU.Build.0 = Debug|Any CPU
		{8DDAB5EB-E163-4778-B65D-87CF38D235BB}.Release|Any CPU.ActiveCfg = Release|Any CPU
		{8DDAB5EB-E163-4778-B65D-87CF38D235BB}.Release|Any CPU.Build.0 = Release|Any CPU
	EndGlobalSection
	GlobalSection(SolutionProperties) = preSolution
		HideSolutionNode = FALSE
	EndGlobalSection
	GlobalSection(ExtensibilityGlobals) = postSolution
		SolutionGuid = {CC5CD8D8-8644-43A3-A5C5-DF5EAD2F4E8F}
	EndGlobalSection
EndGlobal
